
Microsoft Visual Studio Solution File, Format Version 12.00
# Visual Studio Version 16
VisualStudioVersion = 16.0.31702.278
MinimumVisualStudioVersion = 10.0.40219.1
Project("{8BC9CEB8-8B4A-11D0-8D11-00A0C91BC942}") = "Tetris - Konrad Baszak", "Tetris - Konrad Baszak.vcxproj", "{46F51EBD-B526-4099-BCAF-1B398A0E2519}"
EndProject
Global
	GlobalSection(SolutionConfigurationPlatforms) = preSolution
		Debug|x64 = Debug|x64
		Debug|x86 = Debug|x86
		Release|x64 = Release|x64
		Release|x86 = Release|x86
	EndGlobalSection
	GlobalSection(ProjectConfigurationPlatforms) = postSolution
		{46F51EBD-B526-4099-BCAF-1B398A0E2519}.Debug|x64.ActiveCfg = Debug|x64
		{46F51EBD-B526-4099-BCAF-1B398A0E2519}.Debug|x64.Build.0 = Debug|x64
		{46F51EBD-B526-4099-BCAF-1B398A0E2519}.Debug|x86.ActiveCfg = Debug|Win32
		{46F51EBD-B526-4099-BCAF-1B398A0E2519}.Debug|x86.Build.0 = Debug|Win32
		{46F51EBD-B526-4099-BCAF-1B398A0E2519}.Release|x64.ActiveCfg = Release|x64
		{46F51EBD-B526-4099-BCAF-1B398A0E2519}.Release|x64.Build.0 = Release|x64
		{46F51EBD-B526-4099-BCAF-1B398A0E2519}.Release|x86.ActiveCfg = Release|Win32
		{46F51EBD-B526-4099-BCAF-1B398A0E2519}.Release|x86.Build.0 = Release|Win32
	EndGlobalSection
	GlobalSection(SolutionProperties) = preSolution
		HideSolutionNode = FALSE
	EndGlobalSection
	GlobalSection(ExtensibilityGlobals) = postSolution
		SolutionGuid = {A32D5E47-2DB9-47DB-A245-F68850B733FD}
	EndGlobalSection
EndGlobal
